// !$*UTF8*$!
{
	archiveVersion = 1;
	classes = {
	};
	objectVersion = 56;
	objects = {

/* Begin PBXBuildFile section */
		5000CB3B29FD016C003D7677 /* LepraMoarView.swift in Sources */ = {isa = PBXBuildFile; fileRef = 5000CB3A29FD016C003D7677 /* LepraMoarView.swift */; };
		5000CB3D29FD017B003D7677 /* LepraMoarViewModel.swift in Sources */ = {isa = PBXBuildFile; fileRef = 5000CB3C29FD017A003D7677 /* LepraMoarViewModel.swift */; };
		5000CB3F29FD072D003D7677 /* LepraReadReceipt.swift in Sources */ = {isa = PBXBuildFile; fileRef = 5000CB3E29FD072D003D7677 /* LepraReadReceipt.swift */; };
		5000CB4129FD1866003D7677 /* AjaxMoar.swift in Sources */ = {isa = PBXBuildFile; fileRef = 5000CB4029FD1866003D7677 /* AjaxMoar.swift */; };
		5000CB4329FD1880003D7677 /* AjaxPost.swift in Sources */ = {isa = PBXBuildFile; fileRef = 5000CB4229FD1880003D7677 /* AjaxPost.swift */; };
		5000CB4529FD2943003D7677 /* Int+Bool.swift in Sources */ = {isa = PBXBuildFile; fileRef = 5000CB4429FD2943003D7677 /* Int+Bool.swift */; };
		50022C1B29D8B7030056DCEE /* LepraThresholdRating.swift in Sources */ = {isa = PBXBuildFile; fileRef = 50022C1A29D8B7030056DCEE /* LepraThresholdRating.swift */; };
		50022C1D29D8B7A90056DCEE /* LepraFeedType.swift in Sources */ = {isa = PBXBuildFile; fileRef = 50022C1C29D8B7A90056DCEE /* LepraFeedType.swift */; };
		50022C2029D8BAEF0056DCEE /* SwiftSoup in Frameworks */ = {isa = PBXBuildFile; productRef = 50022C1F29D8BAEF0056DCEE /* SwiftSoup */; };
		50022C3129D970810056DCEE /* SDWebImageSwiftUI in Frameworks */ = {isa = PBXBuildFile; productRef = 50022C3029D970810056DCEE /* SDWebImageSwiftUI */; };
		500B197F29E00AD000FE61C8 /* LepraDomainSectionView.swift in Sources */ = {isa = PBXBuildFile; fileRef = 500B197E29E00AD000FE61C8 /* LepraDomainSectionView.swift */; };
		500B198329E0178600FE61C8 /* Models+Mocks.swift in Sources */ = {isa = PBXBuildFile; fileRef = 500B198229E0178600FE61C8 /* Models+Mocks.swift */; };
		500B198529E0193E00FE61C8 /* LepraPostSectionView.swift in Sources */ = {isa = PBXBuildFile; fileRef = 500B198429E0193E00FE61C8 /* LepraPostSectionView.swift */; };
		500B198729E0229A00FE61C8 /* LepraEmptyContentPlaceholderView.swift in Sources */ = {isa = PBXBuildFile; fileRef = 500B198629E0229A00FE61C8 /* LepraEmptyContentPlaceholderView.swift */; };
		500B198929E0241E00FE61C8 /* LepraLoadingSectionView.swift in Sources */ = {isa = PBXBuildFile; fileRef = 500B198829E0241E00FE61C8 /* LepraLoadingSectionView.swift */; };
		500FE30E29D82C3F00CC78CE /* LepraDomains.swift in Sources */ = {isa = PBXBuildFile; fileRef = 500FE30D29D82C3F00CC78CE /* LepraDomains.swift */; };
		500FE31029D82C4A00CC78CE /* LepraDomain.swift in Sources */ = {isa = PBXBuildFile; fileRef = 500FE30F29D82C4A00CC78CE /* LepraDomain.swift */; };
		500FE31229D841A300CC78CE /* LepraFeedView.swift in Sources */ = {isa = PBXBuildFile; fileRef = 500FE31129D841A300CC78CE /* LepraFeedView.swift */; };
		500FE31429D841B500CC78CE /* LepraDomainsView.swift in Sources */ = {isa = PBXBuildFile; fileRef = 500FE31329D841B500CC78CE /* LepraDomainsView.swift */; };
		500FE31629D841C500CC78CE /* LepraProfileView.swift in Sources */ = {isa = PBXBuildFile; fileRef = 500FE31529D841C500CC78CE /* LepraProfileView.swift */; };
		500FE32229D8919700CC78CE /* LepraFormatter.swift in Sources */ = {isa = PBXBuildFile; fileRef = 500FE32129D8919700CC78CE /* LepraFormatter.swift */; };
		500FE32429D896B900CC78CE /* DataRequest+Debug.swift in Sources */ = {isa = PBXBuildFile; fileRef = 500FE32329D896B900CC78CE /* DataRequest+Debug.swift */; };
		5014C5BA29EABB62006045BC /* LepraChartView.swift in Sources */ = {isa = PBXBuildFile; fileRef = 5014C5B929EABB62006045BC /* LepraChartView.swift */; };
		501E772929F3D5F000786232 /* Color+Random.swift in Sources */ = {isa = PBXBuildFile; fileRef = 501E772829F3D5F000786232 /* Color+Random.swift */; };
		501E772C29F3DF5800786232 /* Algorithms in Frameworks */ = {isa = PBXBuildFile; productRef = 501E772B29F3DF5800786232 /* Algorithms */; };
		50452D172A4F7C9300926FBE /* LepraTableView.swift in Sources */ = {isa = PBXBuildFile; fileRef = 50452D162A4F7C9300926FBE /* LepraTableView.swift */; };
		50469F8629F991DC00AE1206 /* LepraVotesDetailsView.swift in Sources */ = {isa = PBXBuildFile; fileRef = 50469F8529F991DC00AE1206 /* LepraVotesDetailsView.swift */; };
		50469F8A29F995B000AE1206 /* AjaxVotes.swift in Sources */ = {isa = PBXBuildFile; fileRef = 50469F8929F995B000AE1206 /* AjaxVotes.swift */; };
		50469F8C29F995D300AE1206 /* AjaxVote.swift in Sources */ = {isa = PBXBuildFile; fileRef = 50469F8B29F995D300AE1206 /* AjaxVote.swift */; };
		50469F8E29F995E600AE1206 /* AjaxUser.swift in Sources */ = {isa = PBXBuildFile; fileRef = 50469F8D29F995E600AE1206 /* AjaxUser.swift */; };
		50469F9029F9962000AE1206 /* AjaxAuth.swift in Sources */ = {isa = PBXBuildFile; fileRef = 50469F8F29F9962000AE1206 /* AjaxAuth.swift */; };
		50469F9229F9965300AE1206 /* RandomAccessCollection+Safe.swift in Sources */ = {isa = PBXBuildFile; fileRef = 50469F9129F9965300AE1206 /* RandomAccessCollection+Safe.swift */; };
		50469F9529F9982900AE1206 /* LepraTextLoadingIndicatorView.swift in Sources */ = {isa = PBXBuildFile; fileRef = 50469F9429F9982900AE1206 /* LepraTextLoadingIndicatorView.swift */; };
		50469F9729F9991800AE1206 /* LepraVotesDetailsViewModel.swift in Sources */ = {isa = PBXBuildFile; fileRef = 50469F9629F9991800AE1206 /* LepraVotesDetailsViewModel.swift */; };
		50469F9929F9D09C00AE1206 /* LepraSheetView.swift in Sources */ = {isa = PBXBuildFile; fileRef = 50469F9829F9D09C00AE1206 /* LepraSheetView.swift */; };
		5052D4CB29F40B6700D7B849 /* LepraAPI.swift in Sources */ = {isa = PBXBuildFile; fileRef = 5052D4CA29F40B6700D7B849 /* LepraAPI.swift */; };
		5052D4CD29F40B9700D7B849 /* LepraCache.swift in Sources */ = {isa = PBXBuildFile; fileRef = 5052D4CC29F40B9700D7B849 /* LepraCache.swift */; };
		5052D4CF29F4162E00D7B849 /* ProcessInfo+Preview.swift in Sources */ = {isa = PBXBuildFile; fileRef = 5052D4CE29F4162E00D7B849 /* ProcessInfo+Preview.swift */; };
		5052D4D329F4177900D7B849 /* LepraLoginViewModel.swift in Sources */ = {isa = PBXBuildFile; fileRef = 5052D4D229F4177900D7B849 /* LepraLoginViewModel.swift */; };
		5052D4D829F417E600D7B849 /* LepraDomainsViewModel.swift in Sources */ = {isa = PBXBuildFile; fileRef = 5052D4D729F417E600D7B849 /* LepraDomainsViewModel.swift */; };
		5052D4DC29F46AB700D7B849 /* LepraProfileViewModel.swift in Sources */ = {isa = PBXBuildFile; fileRef = 5052D4DB29F46AB700D7B849 /* LepraProfileViewModel.swift */; };
		5052D4DE29F46AFD00D7B849 /* LepraFeedViewModel.swift in Sources */ = {isa = PBXBuildFile; fileRef = 5052D4DD29F46AFD00D7B849 /* LepraFeedViewModel.swift */; };
		5052D4E129F46B3400D7B849 /* LepraCommentsViewModel.swift in Sources */ = {isa = PBXBuildFile; fileRef = 5052D4E029F46B3400D7B849 /* LepraCommentsViewModel.swift */; };
		50547E1029E035C500EC51A9 /* LepraPostsView.swift in Sources */ = {isa = PBXBuildFile; fileRef = 50547E0F29E035C500EC51A9 /* LepraPostsView.swift */; };
		50547E1229E035D500EC51A9 /* LepraCommentsView.swift in Sources */ = {isa = PBXBuildFile; fileRef = 50547E1129E035D500EC51A9 /* LepraCommentsView.swift */; };
		50547E1429E066BB00EC51A9 /* LepraComment.swift in Sources */ = {isa = PBXBuildFile; fileRef = 50547E1329E066BB00EC51A9 /* LepraComment.swift */; };
		50547E1629E06CC000EC51A9 /* LepraComments.swift in Sources */ = {isa = PBXBuildFile; fileRef = 50547E1529E06CC000EC51A9 /* LepraComments.swift */; };
		506C4EA629F5645300B39A93 /* LepraTabView.swift in Sources */ = {isa = PBXBuildFile; fileRef = 506C4EA529F5645300B39A93 /* LepraTabView.swift */; };
		507338A429E0A04700BE65F9 /* LepraNode.swift in Sources */ = {isa = PBXBuildFile; fileRef = 507338A329E0A04700BE65F9 /* LepraNode.swift */; };
		5079847129E4317A00FE22C7 /* LepraImageView.swift in Sources */ = {isa = PBXBuildFile; fileRef = 5079847029E4317A00FE22C7 /* LepraImageView.swift */; };
		5079847329E431A100FE22C7 /* LepraVideoView.swift in Sources */ = {isa = PBXBuildFile; fileRef = 5079847229E431A100FE22C7 /* LepraVideoView.swift */; };
		5079847529E431B600FE22C7 /* LepraHTMLView.swift in Sources */ = {isa = PBXBuildFile; fileRef = 5079847429E431B600FE22C7 /* LepraHTMLView.swift */; };
		5079847729E46B3900FE22C7 /* View+Any.swift in Sources */ = {isa = PBXBuildFile; fileRef = 5079847629E46B3900FE22C7 /* View+Any.swift */; };
		5079847929E46BD500FE22C7 /* View+HTML.swift in Sources */ = {isa = PBXBuildFile; fileRef = 5079847829E46BD500FE22C7 /* View+HTML.swift */; };
		509D7FC429E156AD00449CA1 /* LepraVotesView.swift in Sources */ = {isa = PBXBuildFile; fileRef = 509D7FC329E156AD00449CA1 /* LepraVotesView.swift */; };
		50A76B012A233EF60086212B /* LepraReplyView.swift in Sources */ = {isa = PBXBuildFile; fileRef = 50A76B002A233EF60086212B /* LepraReplyView.swift */; };
		50F973AD29D61E4500C4E5D6 /* LepraApp.swift in Sources */ = {isa = PBXBuildFile; fileRef = 50F973AC29D61E4500C4E5D6 /* LepraApp.swift */; };
		50F973AF29D61E4500C4E5D6 /* LepraContentView.swift in Sources */ = {isa = PBXBuildFile; fileRef = 50F973AE29D61E4500C4E5D6 /* LepraContentView.swift */; };
		50F973B129D61E4700C4E5D6 /* Assets.xcassets in Resources */ = {isa = PBXBuildFile; fileRef = 50F973B029D61E4700C4E5D6 /* Assets.xcassets */; };
		50F973B529D61E4700C4E5D6 /* Preview Assets.xcassets in Resources */ = {isa = PBXBuildFile; fileRef = 50F973B429D61E4700C4E5D6 /* Preview Assets.xcassets */; };
		50F973BD29D61FBD00C4E5D6 /* Alamofire in Frameworks */ = {isa = PBXBuildFile; productRef = 50F973BC29D61FBD00C4E5D6 /* Alamofire */; };
		50F973C529D6DE3A00C4E5D6 /* LepraGender.swift in Sources */ = {isa = PBXBuildFile; fileRef = 50F973C429D6DE3A00C4E5D6 /* LepraGender.swift */; };
		50F973C729D6DF8100C4E5D6 /* LepraAuth.swift in Sources */ = {isa = PBXBuildFile; fileRef = 50F973C629D6DF8100C4E5D6 /* LepraAuth.swift */; };
		50F973C929D6DF9400C4E5D6 /* LepraUser.swift in Sources */ = {isa = PBXBuildFile; fileRef = 50F973C829D6DF9400C4E5D6 /* LepraUser.swift */; };
		50F973CB29D6E08200C4E5D6 /* LepraPosts.swift in Sources */ = {isa = PBXBuildFile; fileRef = 50F973CA29D6E08200C4E5D6 /* LepraPosts.swift */; };
		50F973CD29D6E09900C4E5D6 /* LepraPost.swift in Sources */ = {isa = PBXBuildFile; fileRef = 50F973CC29D6E09900C4E5D6 /* LepraPost.swift */; };
		50F973CF29D6E11400C4E5D6 /* LepraLoginView.swift in Sources */ = {isa = PBXBuildFile; fileRef = 50F973CE29D6E11400C4E5D6 /* LepraLoginView.swift */; };
/* End PBXBuildFile section */

/* Begin PBXFileReference section */
		5000CB3A29FD016C003D7677 /* LepraMoarView.swift */ = {isa = PBXFileReference; lastKnownFileType = sourcecode.swift; path = LepraMoarView.swift; sourceTree = "<group>"; };
		5000CB3C29FD017A003D7677 /* LepraMoarViewModel.swift */ = {isa = PBXFileReference; lastKnownFileType = sourcecode.swift; path = LepraMoarViewModel.swift; sourceTree = "<group>"; };
		5000CB3E29FD072D003D7677 /* LepraReadReceipt.swift */ = {isa = PBXFileReference; lastKnownFileType = sourcecode.swift; path = LepraReadReceipt.swift; sourceTree = "<group>"; };
		5000CB4029FD1866003D7677 /* AjaxMoar.swift */ = {isa = PBXFileReference; lastKnownFileType = sourcecode.swift; path = AjaxMoar.swift; sourceTree = "<group>"; };
		5000CB4229FD1880003D7677 /* AjaxPost.swift */ = {isa = PBXFileReference; lastKnownFileType = sourcecode.swift; path = AjaxPost.swift; sourceTree = "<group>"; };
		5000CB4429FD2943003D7677 /* Int+Bool.swift */ = {isa = PBXFileReference; lastKnownFileType = sourcecode.swift; path = "Int+Bool.swift"; sourceTree = "<group>"; };
		50022C1A29D8B7030056DCEE /* LepraThresholdRating.swift */ = {isa = PBXFileReference; lastKnownFileType = sourcecode.swift; path = LepraThresholdRating.swift; sourceTree = "<group>"; };
		50022C1C29D8B7A90056DCEE /* LepraFeedType.swift */ = {isa = PBXFileReference; lastKnownFileType = sourcecode.swift; path = LepraFeedType.swift; sourceTree = "<group>"; };
		500B197E29E00AD000FE61C8 /* LepraDomainSectionView.swift */ = {isa = PBXFileReference; lastKnownFileType = sourcecode.swift; path = LepraDomainSectionView.swift; sourceTree = "<group>"; };
		500B198229E0178600FE61C8 /* Models+Mocks.swift */ = {isa = PBXFileReference; lastKnownFileType = sourcecode.swift; path = "Models+Mocks.swift"; sourceTree = "<group>"; };
		500B198429E0193E00FE61C8 /* LepraPostSectionView.swift */ = {isa = PBXFileReference; lastKnownFileType = sourcecode.swift; path = LepraPostSectionView.swift; sourceTree = "<group>"; };
		500B198629E0229A00FE61C8 /* LepraEmptyContentPlaceholderView.swift */ = {isa = PBXFileReference; lastKnownFileType = sourcecode.swift; path = LepraEmptyContentPlaceholderView.swift; sourceTree = "<group>"; };
		500B198829E0241E00FE61C8 /* LepraLoadingSectionView.swift */ = {isa = PBXFileReference; lastKnownFileType = sourcecode.swift; path = LepraLoadingSectionView.swift; sourceTree = "<group>"; };
		500FE30D29D82C3F00CC78CE /* LepraDomains.swift */ = {isa = PBXFileReference; lastKnownFileType = sourcecode.swift; path = LepraDomains.swift; sourceTree = "<group>"; };
		500FE30F29D82C4A00CC78CE /* LepraDomain.swift */ = {isa = PBXFileReference; lastKnownFileType = sourcecode.swift; path = LepraDomain.swift; sourceTree = "<group>"; };
		500FE31129D841A300CC78CE /* LepraFeedView.swift */ = {isa = PBXFileReference; lastKnownFileType = sourcecode.swift; path = LepraFeedView.swift; sourceTree = "<group>"; };
		500FE31329D841B500CC78CE /* LepraDomainsView.swift */ = {isa = PBXFileReference; lastKnownFileType = sourcecode.swift; path = LepraDomainsView.swift; sourceTree = "<group>"; };
		500FE31529D841C500CC78CE /* LepraProfileView.swift */ = {isa = PBXFileReference; lastKnownFileType = sourcecode.swift; path = LepraProfileView.swift; sourceTree = "<group>"; };
		500FE32129D8919700CC78CE /* LepraFormatter.swift */ = {isa = PBXFileReference; lastKnownFileType = sourcecode.swift; path = LepraFormatter.swift; sourceTree = "<group>"; };
		500FE32329D896B900CC78CE /* DataRequest+Debug.swift */ = {isa = PBXFileReference; lastKnownFileType = sourcecode.swift; path = "DataRequest+Debug.swift"; sourceTree = "<group>"; };
		5014C5B929EABB62006045BC /* LepraChartView.swift */ = {isa = PBXFileReference; lastKnownFileType = sourcecode.swift; path = LepraChartView.swift; sourceTree = "<group>"; };
		501E772829F3D5F000786232 /* Color+Random.swift */ = {isa = PBXFileReference; lastKnownFileType = sourcecode.swift; path = "Color+Random.swift"; sourceTree = "<group>"; };
		50452D162A4F7C9300926FBE /* LepraTableView.swift */ = {isa = PBXFileReference; lastKnownFileType = sourcecode.swift; path = LepraTableView.swift; sourceTree = "<group>"; };
		50469F8529F991DC00AE1206 /* LepraVotesDetailsView.swift */ = {isa = PBXFileReference; lastKnownFileType = sourcecode.swift; path = LepraVotesDetailsView.swift; sourceTree = "<group>"; };
		50469F8929F995B000AE1206 /* AjaxVotes.swift */ = {isa = PBXFileReference; lastKnownFileType = sourcecode.swift; path = AjaxVotes.swift; sourceTree = "<group>"; };
		50469F8B29F995D300AE1206 /* AjaxVote.swift */ = {isa = PBXFileReference; lastKnownFileType = sourcecode.swift; path = AjaxVote.swift; sourceTree = "<group>"; };
		50469F8D29F995E600AE1206 /* AjaxUser.swift */ = {isa = PBXFileReference; lastKnownFileType = sourcecode.swift; path = AjaxUser.swift; sourceTree = "<group>"; };
		50469F8F29F9962000AE1206 /* AjaxAuth.swift */ = {isa = PBXFileReference; lastKnownFileType = sourcecode.swift; path = AjaxAuth.swift; sourceTree = "<group>"; };
		50469F9129F9965300AE1206 /* RandomAccessCollection+Safe.swift */ = {isa = PBXFileReference; lastKnownFileType = sourcecode.swift; path = "RandomAccessCollection+Safe.swift"; sourceTree = "<group>"; };
		50469F9429F9982900AE1206 /* LepraTextLoadingIndicatorView.swift */ = {isa = PBXFileReference; lastKnownFileType = sourcecode.swift; path = LepraTextLoadingIndicatorView.swift; sourceTree = "<group>"; };
		50469F9629F9991800AE1206 /* LepraVotesDetailsViewModel.swift */ = {isa = PBXFileReference; lastKnownFileType = sourcecode.swift; path = LepraVotesDetailsViewModel.swift; sourceTree = "<group>"; };
		50469F9829F9D09C00AE1206 /* LepraSheetView.swift */ = {isa = PBXFileReference; lastKnownFileType = sourcecode.swift; path = LepraSheetView.swift; sourceTree = "<group>"; };
		5052D4CA29F40B6700D7B849 /* LepraAPI.swift */ = {isa = PBXFileReference; lastKnownFileType = sourcecode.swift; path = LepraAPI.swift; sourceTree = "<group>"; };
		5052D4CC29F40B9700D7B849 /* LepraCache.swift */ = {isa = PBXFileReference; lastKnownFileType = sourcecode.swift; path = LepraCache.swift; sourceTree = "<group>"; };
		5052D4CE29F4162E00D7B849 /* ProcessInfo+Preview.swift */ = {isa = PBXFileReference; lastKnownFileType = sourcecode.swift; path = "ProcessInfo+Preview.swift"; sourceTree = "<group>"; };
		5052D4D229F4177900D7B849 /* LepraLoginViewModel.swift */ = {isa = PBXFileReference; lastKnownFileType = sourcecode.swift; path = LepraLoginViewModel.swift; sourceTree = "<group>"; };
		5052D4D729F417E600D7B849 /* LepraDomainsViewModel.swift */ = {isa = PBXFileReference; lastKnownFileType = sourcecode.swift; path = LepraDomainsViewModel.swift; sourceTree = "<group>"; };
		5052D4DB29F46AB700D7B849 /* LepraProfileViewModel.swift */ = {isa = PBXFileReference; lastKnownFileType = sourcecode.swift; path = LepraProfileViewModel.swift; sourceTree = "<group>"; };
		5052D4DD29F46AFD00D7B849 /* LepraFeedViewModel.swift */ = {isa = PBXFileReference; lastKnownFileType = sourcecode.swift; path = LepraFeedViewModel.swift; sourceTree = "<group>"; };
		5052D4E029F46B3400D7B849 /* LepraCommentsViewModel.swift */ = {isa = PBXFileReference; lastKnownFileType = sourcecode.swift; path = LepraCommentsViewModel.swift; sourceTree = "<group>"; };
		50547E0F29E035C500EC51A9 /* LepraPostsView.swift */ = {isa = PBXFileReference; lastKnownFileType = sourcecode.swift; path = LepraPostsView.swift; sourceTree = "<group>"; };
		50547E1129E035D500EC51A9 /* LepraCommentsView.swift */ = {isa = PBXFileReference; lastKnownFileType = sourcecode.swift; path = LepraCommentsView.swift; sourceTree = "<group>"; };
		50547E1329E066BB00EC51A9 /* LepraComment.swift */ = {isa = PBXFileReference; lastKnownFileType = sourcecode.swift; path = LepraComment.swift; sourceTree = "<group>"; };
		50547E1529E06CC000EC51A9 /* LepraComments.swift */ = {isa = PBXFileReference; lastKnownFileType = sourcecode.swift; path = LepraComments.swift; sourceTree = "<group>"; };
		506C4EA529F5645300B39A93 /* LepraTabView.swift */ = {isa = PBXFileReference; lastKnownFileType = sourcecode.swift; path = LepraTabView.swift; sourceTree = "<group>"; };
		507338A329E0A04700BE65F9 /* LepraNode.swift */ = {isa = PBXFileReference; lastKnownFileType = sourcecode.swift; path = LepraNode.swift; sourceTree = "<group>"; };
		5079847029E4317A00FE22C7 /* LepraImageView.swift */ = {isa = PBXFileReference; lastKnownFileType = sourcecode.swift; path = LepraImageView.swift; sourceTree = "<group>"; };
		5079847229E431A100FE22C7 /* LepraVideoView.swift */ = {isa = PBXFileReference; lastKnownFileType = sourcecode.swift; path = LepraVideoView.swift; sourceTree = "<group>"; };
		5079847429E431B600FE22C7 /* LepraHTMLView.swift */ = {isa = PBXFileReference; lastKnownFileType = sourcecode.swift; path = LepraHTMLView.swift; sourceTree = "<group>"; };
		5079847629E46B3900FE22C7 /* View+Any.swift */ = {isa = PBXFileReference; lastKnownFileType = sourcecode.swift; path = "View+Any.swift"; sourceTree = "<group>"; };
		5079847829E46BD500FE22C7 /* View+HTML.swift */ = {isa = PBXFileReference; lastKnownFileType = sourcecode.swift; path = "View+HTML.swift"; sourceTree = "<group>"; };
		509D7FC329E156AD00449CA1 /* LepraVotesView.swift */ = {isa = PBXFileReference; lastKnownFileType = sourcecode.swift; path = LepraVotesView.swift; sourceTree = "<group>"; };
		50A76B002A233EF60086212B /* LepraReplyView.swift */ = {isa = PBXFileReference; lastKnownFileType = sourcecode.swift; path = LepraReplyView.swift; sourceTree = "<group>"; };
		50F973A929D61E4500C4E5D6 /* iLepra.app */ = {isa = PBXFileReference; explicitFileType = wrapper.application; includeInIndex = 0; path = iLepra.app; sourceTree = BUILT_PRODUCTS_DIR; };
		50F973AC29D61E4500C4E5D6 /* LepraApp.swift */ = {isa = PBXFileReference; lastKnownFileType = sourcecode.swift; path = LepraApp.swift; sourceTree = "<group>"; };
		50F973AE29D61E4500C4E5D6 /* LepraContentView.swift */ = {isa = PBXFileReference; lastKnownFileType = sourcecode.swift; path = LepraContentView.swift; sourceTree = "<group>"; };
		50F973B029D61E4700C4E5D6 /* Assets.xcassets */ = {isa = PBXFileReference; lastKnownFileType = folder.assetcatalog; path = Assets.xcassets; sourceTree = "<group>"; };
		50F973B229D61E4700C4E5D6 /* iLepra.entitlements */ = {isa = PBXFileReference; lastKnownFileType = text.plist.entitlements; path = iLepra.entitlements; sourceTree = "<group>"; };
		50F973B429D61E4700C4E5D6 /* Preview Assets.xcassets */ = {isa = PBXFileReference; lastKnownFileType = folder.assetcatalog; path = "Preview Assets.xcassets"; sourceTree = "<group>"; };
		50F973C429D6DE3A00C4E5D6 /* LepraGender.swift */ = {isa = PBXFileReference; lastKnownFileType = sourcecode.swift; path = LepraGender.swift; sourceTree = "<group>"; };
		50F973C629D6DF8100C4E5D6 /* LepraAuth.swift */ = {isa = PBXFileReference; lastKnownFileType = sourcecode.swift; path = LepraAuth.swift; sourceTree = "<group>"; };
		50F973C829D6DF9400C4E5D6 /* LepraUser.swift */ = {isa = PBXFileReference; lastKnownFileType = sourcecode.swift; path = LepraUser.swift; sourceTree = "<group>"; };
		50F973CA29D6E08200C4E5D6 /* LepraPosts.swift */ = {isa = PBXFileReference; lastKnownFileType = sourcecode.swift; path = LepraPosts.swift; sourceTree = "<group>"; };
		50F973CC29D6E09900C4E5D6 /* LepraPost.swift */ = {isa = PBXFileReference; lastKnownFileType = sourcecode.swift; path = LepraPost.swift; sourceTree = "<group>"; };
		50F973CE29D6E11400C4E5D6 /* LepraLoginView.swift */ = {isa = PBXFileReference; lastKnownFileType = sourcecode.swift; path = LepraLoginView.swift; sourceTree = "<group>"; };
/* End PBXFileReference section */

/* Begin PBXFrameworksBuildPhase section */
		50F973A629D61E4500C4E5D6 /* Frameworks */ = {
			isa = PBXFrameworksBuildPhase;
			buildActionMask = 2147483647;
			files = (
				501E772C29F3DF5800786232 /* Algorithms in Frameworks */,
				50022C3129D970810056DCEE /* SDWebImageSwiftUI in Frameworks */,
				50F973BD29D61FBD00C4E5D6 /* Alamofire in Frameworks */,
				50022C2029D8BAEF0056DCEE /* SwiftSoup in Frameworks */,
			);
			runOnlyForDeploymentPostprocessing = 0;
		};
/* End PBXFrameworksBuildPhase section */

/* Begin PBXGroup section */
		5000CB3929FD0155003D7677 /* Moar */ = {
			isa = PBXGroup;
			children = (
				5000CB3A29FD016C003D7677 /* LepraMoarView.swift */,
				5000CB3C29FD017A003D7677 /* LepraMoarViewModel.swift */,
			);
			path = Moar;
			sourceTree = "<group>";
		};
		500B196229DF39CB00FE61C8 /* Views */ = {
			isa = PBXGroup;
			children = (
				5014C5B929EABB62006045BC /* LepraChartView.swift */,
				500B198629E0229A00FE61C8 /* LepraEmptyContentPlaceholderView.swift */,
				5079847429E431B600FE22C7 /* LepraHTMLView.swift */,
				5079847029E4317A00FE22C7 /* LepraImageView.swift */,
				500B198829E0241E00FE61C8 /* LepraLoadingSectionView.swift */,
				500B198429E0193E00FE61C8 /* LepraPostSectionView.swift */,
				50547E0F29E035C500EC51A9 /* LepraPostsView.swift */,
				50469F9829F9D09C00AE1206 /* LepraSheetView.swift */,
				50452D162A4F7C9300926FBE /* LepraTableView.swift */,
				506C4EA529F5645300B39A93 /* LepraTabView.swift */,
				50469F9429F9982900AE1206 /* LepraTextLoadingIndicatorView.swift */,
				5079847229E431A100FE22C7 /* LepraVideoView.swift */,
				509D7FC329E156AD00449CA1 /* LepraVotesView.swift */,
			);
			path = Views;
			sourceTree = "<group>";
		};
		500FE31D29D859E600CC78CE /* Frameworks */ = {
			isa = PBXGroup;
			children = (
			);
			name = Frameworks;
			sourceTree = "<group>";
		};
		500FE32029D8917F00CC78CE /* Extras */ = {
			isa = PBXGroup;
			children = (
				501E772829F3D5F000786232 /* Color+Random.swift */,
				500FE32329D896B900CC78CE /* DataRequest+Debug.swift */,
				5052D4CC29F40B9700D7B849 /* LepraCache.swift */,
				500FE32129D8919700CC78CE /* LepraFormatter.swift */,
				507338A329E0A04700BE65F9 /* LepraNode.swift */,
				500B198229E0178600FE61C8 /* Models+Mocks.swift */,
				5052D4CE29F4162E00D7B849 /* ProcessInfo+Preview.swift */,
				5079847629E46B3900FE22C7 /* View+Any.swift */,
				5079847829E46BD500FE22C7 /* View+HTML.swift */,
				50469F9129F9965300AE1206 /* RandomAccessCollection+Safe.swift */,
				5000CB4429FD2943003D7677 /* Int+Bool.swift */,
			);
			path = Extras;
			sourceTree = "<group>";
		};
		50469F8729F9937100AE1206 /* VotesDetails */ = {
			isa = PBXGroup;
			children = (
				50469F8529F991DC00AE1206 /* LepraVotesDetailsView.swift */,
				50469F9629F9991800AE1206 /* LepraVotesDetailsViewModel.swift */,
			);
			path = VotesDetails;
			sourceTree = "<group>";
		};
		50469F8829F9959900AE1206 /* Ajax */ = {
			isa = PBXGroup;
			children = (
				50469F8F29F9962000AE1206 /* AjaxAuth.swift */,
				5000CB4029FD1866003D7677 /* AjaxMoar.swift */,
				5000CB4229FD1880003D7677 /* AjaxPost.swift */,
				50469F8D29F995E600AE1206 /* AjaxUser.swift */,
				50469F8B29F995D300AE1206 /* AjaxVote.swift */,
				50469F8929F995B000AE1206 /* AjaxVotes.swift */,
			);
			path = Ajax;
			sourceTree = "<group>";
		};
		50469F9329F9967300AE1206 /* API */ = {
			isa = PBXGroup;
			children = (
				50F973C629D6DF8100C4E5D6 /* LepraAuth.swift */,
				50547E1329E066BB00EC51A9 /* LepraComment.swift */,
				50547E1529E06CC000EC51A9 /* LepraComments.swift */,
				500FE30F29D82C4A00CC78CE /* LepraDomain.swift */,
				500FE30D29D82C3F00CC78CE /* LepraDomains.swift */,
				50022C1C29D8B7A90056DCEE /* LepraFeedType.swift */,
				50F973C429D6DE3A00C4E5D6 /* LepraGender.swift */,
				50F973CC29D6E09900C4E5D6 /* LepraPost.swift */,
				50F973CA29D6E08200C4E5D6 /* LepraPosts.swift */,
				50022C1A29D8B7030056DCEE /* LepraThresholdRating.swift */,
				50F973C829D6DF9400C4E5D6 /* LepraUser.swift */,
				5000CB3E29FD072D003D7677 /* LepraReadReceipt.swift */,
			);
			path = API;
			sourceTree = "<group>";
		};
		5052D4D029F4172700D7B849 /* Screens */ = {
			isa = PBXGroup;
			children = (
				5052D4DF29F46B0900D7B849 /* Comments */,
				5052D4D529F4179B00D7B849 /* Domains */,
				5052D4D429F4178F00D7B849 /* Feed */,
				5052D4D129F4176800D7B849 /* Login */,
				5000CB3929FD0155003D7677 /* Moar */,
				5052D4D629F417AC00D7B849 /* Profile */,
				50A76AFF2A233EDE0086212B /* Reply */,
				50469F8729F9937100AE1206 /* VotesDetails */,
			);
			path = Screens;
			sourceTree = "<group>";
		};
		5052D4D129F4176800D7B849 /* Login */ = {
			isa = PBXGroup;
			children = (
				50F973CE29D6E11400C4E5D6 /* LepraLoginView.swift */,
				5052D4D229F4177900D7B849 /* LepraLoginViewModel.swift */,
			);
			path = Login;
			sourceTree = "<group>";
		};
		5052D4D429F4178F00D7B849 /* Feed */ = {
			isa = PBXGroup;
			children = (
				500FE31129D841A300CC78CE /* LepraFeedView.swift */,
				5052D4DD29F46AFD00D7B849 /* LepraFeedViewModel.swift */,
			);
			path = Feed;
			sourceTree = "<group>";
		};
		5052D4D529F4179B00D7B849 /* Domains */ = {
			isa = PBXGroup;
			children = (
				500B197E29E00AD000FE61C8 /* LepraDomainSectionView.swift */,
				5052D4D729F417E600D7B849 /* LepraDomainsViewModel.swift */,
				500FE31329D841B500CC78CE /* LepraDomainsView.swift */,
			);
			path = Domains;
			sourceTree = "<group>";
		};
		5052D4D629F417AC00D7B849 /* Profile */ = {
			isa = PBXGroup;
			children = (
				500FE31529D841C500CC78CE /* LepraProfileView.swift */,
				5052D4DB29F46AB700D7B849 /* LepraProfileViewModel.swift */,
			);
			path = Profile;
			sourceTree = "<group>";
		};
		5052D4DF29F46B0900D7B849 /* Comments */ = {
			isa = PBXGroup;
			children = (
				50547E1129E035D500EC51A9 /* LepraCommentsView.swift */,
				5052D4E029F46B3400D7B849 /* LepraCommentsViewModel.swift */,
			);
			path = Comments;
			sourceTree = "<group>";
		};
		50A76AFF2A233EDE0086212B /* Reply */ = {
			isa = PBXGroup;
			children = (
				50A76B002A233EF60086212B /* LepraReplyView.swift */,
			);
			path = Reply;
			sourceTree = "<group>";
		};
		50F973A029D61E4500C4E5D6 = {
			isa = PBXGroup;
			children = (
				50F973AB29D61E4500C4E5D6 /* iLepra */,
				50F973AA29D61E4500C4E5D6 /* Products */,
				500FE31D29D859E600CC78CE /* Frameworks */,
			);
			sourceTree = "<group>";
		};
		50F973AA29D61E4500C4E5D6 /* Products */ = {
			isa = PBXGroup;
			children = (
				50F973A929D61E4500C4E5D6 /* iLepra.app */,
			);
			name = Products;
			sourceTree = "<group>";
		};
		50F973AB29D61E4500C4E5D6 /* iLepra */ = {
			isa = PBXGroup;
			children = (
				500FE32029D8917F00CC78CE /* Extras */,
				50F973C329D6DE1F00C4E5D6 /* Models */,
				5052D4D029F4172700D7B849 /* Screens */,
				500B196229DF39CB00FE61C8 /* Views */,
				50F973AC29D61E4500C4E5D6 /* LepraApp.swift */,
				5052D4CA29F40B6700D7B849 /* LepraAPI.swift */,
				50F973AE29D61E4500C4E5D6 /* LepraContentView.swift */,
				50F973B029D61E4700C4E5D6 /* Assets.xcassets */,
				50F973B229D61E4700C4E5D6 /* iLepra.entitlements */,
				50F973B329D61E4700C4E5D6 /* Preview Content */,
			);
			path = iLepra;
			sourceTree = "<group>";
		};
		50F973B329D61E4700C4E5D6 /* Preview Content */ = {
			isa = PBXGroup;
			children = (
				50F973B429D61E4700C4E5D6 /* Preview Assets.xcassets */,
			);
			path = "Preview Content";
			sourceTree = "<group>";
		};
		50F973C329D6DE1F00C4E5D6 /* Models */ = {
			isa = PBXGroup;
			children = (
				50469F8829F9959900AE1206 /* Ajax */,
				50469F9329F9967300AE1206 /* API */,
			);
			path = Models;
			sourceTree = "<group>";
		};
/* End PBXGroup section */

/* Begin PBXNativeTarget section */
		50F973A829D61E4500C4E5D6 /* iLepra */ = {
			isa = PBXNativeTarget;
			buildConfigurationList = 50F973B829D61E4700C4E5D6 /* Build configuration list for PBXNativeTarget "iLepra" */;
			buildPhases = (
				50F973A529D61E4500C4E5D6 /* Sources */,
				50F973A629D61E4500C4E5D6 /* Frameworks */,
				50F973A729D61E4500C4E5D6 /* Resources */,
			);
			buildRules = (
			);
			dependencies = (
				509F277829DA28A500CBFFB1 /* PBXTargetDependency */,
			);
			name = iLepra;
			packageProductDependencies = (
				50F973BC29D61FBD00C4E5D6 /* Alamofire */,
				50022C1F29D8BAEF0056DCEE /* SwiftSoup */,
				50022C3029D970810056DCEE /* SDWebImageSwiftUI */,
				501E772B29F3DF5800786232 /* Algorithms */,
			);
			productName = iLepra;
			productReference = 50F973A929D61E4500C4E5D6 /* iLepra.app */;
			productType = "com.apple.product-type.application";
		};
/* End PBXNativeTarget section */

/* Begin PBXProject section */
		50F973A129D61E4500C4E5D6 /* Project object */ = {
			isa = PBXProject;
			attributes = {
				BuildIndependentTargetsInParallel = 1;
				LastSwiftUpdateCheck = 1430;
				LastUpgradeCheck = 1500;
				TargetAttributes = {
					50F973A829D61E4500C4E5D6 = {
						CreatedOnToolsVersion = 14.3;
					};
				};
			};
			buildConfigurationList = 50F973A429D61E4500C4E5D6 /* Build configuration list for PBXProject "iLepra" */;
			compatibilityVersion = "Xcode 14.0";
			developmentRegion = en;
			hasScannedForEncodings = 0;
			knownRegions = (
				en,
				Base,
			);
			mainGroup = 50F973A029D61E4500C4E5D6;
			packageReferences = (
				50F973BB29D61FBD00C4E5D6 /* XCRemoteSwiftPackageReference "Alamofire" */,
				50022C1E29D8BAEF0056DCEE /* XCRemoteSwiftPackageReference "SwiftSoup" */,
				50022C2F29D970800056DCEE /* XCRemoteSwiftPackageReference "SDWebImageSwiftUI" */,
				509F277629DA289900CBFFB1 /* XCRemoteSwiftPackageReference "SwiftLint" */,
				501E772A29F3DF5800786232 /* XCRemoteSwiftPackageReference "swift-algorithms" */,
			);
			productRefGroup = 50F973AA29D61E4500C4E5D6 /* Products */;
			projectDirPath = "";
			projectRoot = "";
			targets = (
				50F973A829D61E4500C4E5D6 /* iLepra */,
			);
		};
/* End PBXProject section */

/* Begin PBXResourcesBuildPhase section */
		50F973A729D61E4500C4E5D6 /* Resources */ = {
			isa = PBXResourcesBuildPhase;
			buildActionMask = 2147483647;
			files = (
				50F973B529D61E4700C4E5D6 /* Preview Assets.xcassets in Resources */,
				50F973B129D61E4700C4E5D6 /* Assets.xcassets in Resources */,
			);
			runOnlyForDeploymentPostprocessing = 0;
		};
/* End PBXResourcesBuildPhase section */

/* Begin PBXSourcesBuildPhase section */
		50F973A529D61E4500C4E5D6 /* Sources */ = {
			isa = PBXSourcesBuildPhase;
			buildActionMask = 2147483647;
			files = (
				500B198329E0178600FE61C8 /* Models+Mocks.swift in Sources */,
				5000CB4329FD1880003D7677 /* AjaxPost.swift in Sources */,
				5079847129E4317A00FE22C7 /* LepraImageView.swift in Sources */,
				50547E1029E035C500EC51A9 /* LepraPostsView.swift in Sources */,
				50F973AF29D61E4500C4E5D6 /* LepraContentView.swift in Sources */,
				50469F8629F991DC00AE1206 /* LepraVotesDetailsView.swift in Sources */,
				5000CB4529FD2943003D7677 /* Int+Bool.swift in Sources */,
				5079847929E46BD500FE22C7 /* View+HTML.swift in Sources */,
				500FE31029D82C4A00CC78CE /* LepraDomain.swift in Sources */,
				50547E1429E066BB00EC51A9 /* LepraComment.swift in Sources */,
				50547E1229E035D500EC51A9 /* LepraCommentsView.swift in Sources */,
				50469F9929F9D09C00AE1206 /* LepraSheetView.swift in Sources */,
				50F973C929D6DF9400C4E5D6 /* LepraUser.swift in Sources */,
				5052D4E129F46B3400D7B849 /* LepraCommentsViewModel.swift in Sources */,
				50452D172A4F7C9300926FBE /* LepraTableView.swift in Sources */,
				50F973C529D6DE3A00C4E5D6 /* LepraGender.swift in Sources */,
				5052D4D829F417E600D7B849 /* LepraDomainsViewModel.swift in Sources */,
				50469F8C29F995D300AE1206 /* AjaxVote.swift in Sources */,
				50F973C729D6DF8100C4E5D6 /* LepraAuth.swift in Sources */,
				50A76B012A233EF60086212B /* LepraReplyView.swift in Sources */,
				50022C1B29D8B7030056DCEE /* LepraThresholdRating.swift in Sources */,
				501E772929F3D5F000786232 /* Color+Random.swift in Sources */,
				5000CB3B29FD016C003D7677 /* LepraMoarView.swift in Sources */,
				50022C1D29D8B7A90056DCEE /* LepraFeedType.swift in Sources */,
				5052D4DC29F46AB700D7B849 /* LepraProfileViewModel.swift in Sources */,
				50469F9029F9962000AE1206 /* AjaxAuth.swift in Sources */,
				500FE31229D841A300CC78CE /* LepraFeedView.swift in Sources */,
				50469F9529F9982900AE1206 /* LepraTextLoadingIndicatorView.swift in Sources */,
				50469F8A29F995B000AE1206 /* AjaxVotes.swift in Sources */,
				5052D4DE29F46AFD00D7B849 /* LepraFeedViewModel.swift in Sources */,
				500FE30E29D82C3F00CC78CE /* LepraDomains.swift in Sources */,
				500B198529E0193E00FE61C8 /* LepraPostSectionView.swift in Sources */,
				500B198929E0241E00FE61C8 /* LepraLoadingSectionView.swift in Sources */,
				5000CB3F29FD072D003D7677 /* LepraReadReceipt.swift in Sources */,
				5079847529E431B600FE22C7 /* LepraHTMLView.swift in Sources */,
				50F973CD29D6E09900C4E5D6 /* LepraPost.swift in Sources */,
				5014C5BA29EABB62006045BC /* LepraChartView.swift in Sources */,
				50469F8E29F995E600AE1206 /* AjaxUser.swift in Sources */,
				5052D4CB29F40B6700D7B849 /* LepraAPI.swift in Sources */,
				500FE32429D896B900CC78CE /* DataRequest+Debug.swift in Sources */,
				50F973CB29D6E08200C4E5D6 /* LepraPosts.swift in Sources */,
				507338A429E0A04700BE65F9 /* LepraNode.swift in Sources */,
				50F973CF29D6E11400C4E5D6 /* LepraLoginView.swift in Sources */,
				5079847729E46B3900FE22C7 /* View+Any.swift in Sources */,
				506C4EA629F5645300B39A93 /* LepraTabView.swift in Sources */,
				50469F9229F9965300AE1206 /* RandomAccessCollection+Safe.swift in Sources */,
				5000CB3D29FD017B003D7677 /* LepraMoarViewModel.swift in Sources */,
				5000CB4129FD1866003D7677 /* AjaxMoar.swift in Sources */,
				5052D4D329F4177900D7B849 /* LepraLoginViewModel.swift in Sources */,
				500B197F29E00AD000FE61C8 /* LepraDomainSectionView.swift in Sources */,
				5052D4CD29F40B9700D7B849 /* LepraCache.swift in Sources */,
				500FE32229D8919700CC78CE /* LepraFormatter.swift in Sources */,
				500FE31429D841B500CC78CE /* LepraDomainsView.swift in Sources */,
				50547E1629E06CC000EC51A9 /* LepraComments.swift in Sources */,
				5052D4CF29F4162E00D7B849 /* ProcessInfo+Preview.swift in Sources */,
				5079847329E431A100FE22C7 /* LepraVideoView.swift in Sources */,
				500FE31629D841C500CC78CE /* LepraProfileView.swift in Sources */,
				50469F9729F9991800AE1206 /* LepraVotesDetailsViewModel.swift in Sources */,
				50F973AD29D61E4500C4E5D6 /* LepraApp.swift in Sources */,
				509D7FC429E156AD00449CA1 /* LepraVotesView.swift in Sources */,
				500B198729E0229A00FE61C8 /* LepraEmptyContentPlaceholderView.swift in Sources */,
			);
			runOnlyForDeploymentPostprocessing = 0;
		};
/* End PBXSourcesBuildPhase section */

/* Begin PBXTargetDependency section */
		509F277829DA28A500CBFFB1 /* PBXTargetDependency */ = {
			isa = PBXTargetDependency;
			productRef = 509F277729DA28A500CBFFB1 /* SwiftLintPlugin */;
		};
/* End PBXTargetDependency section */

/* Begin XCBuildConfiguration section */
		50F973B629D61E4700C4E5D6 /* Debug */ = {
			isa = XCBuildConfiguration;
			buildSettings = {
				ALWAYS_SEARCH_USER_PATHS = NO;
				ASSETCATALOG_COMPILER_GENERATE_SWIFT_ASSET_SYMBOL_EXTENSIONS = YES;
				CLANG_ANALYZER_NONNULL = YES;
				CLANG_ANALYZER_NUMBER_OBJECT_CONVERSION = YES_AGGRESSIVE;
				CLANG_CXX_LANGUAGE_STANDARD = "gnu++20";
				CLANG_ENABLE_MODULES = YES;
				CLANG_ENABLE_OBJC_ARC = YES;
				CLANG_ENABLE_OBJC_WEAK = YES;
				CLANG_WARN_BLOCK_CAPTURE_AUTORELEASING = YES;
				CLANG_WARN_BOOL_CONVERSION = YES;
				CLANG_WARN_COMMA = YES;
				CLANG_WARN_CONSTANT_CONVERSION = YES;
				CLANG_WARN_DEPRECATED_OBJC_IMPLEMENTATIONS = YES;
				CLANG_WARN_DIRECT_OBJC_ISA_USAGE = YES_ERROR;
				CLANG_WARN_DOCUMENTATION_COMMENTS = YES;
				CLANG_WARN_EMPTY_BODY = YES;
				CLANG_WARN_ENUM_CONVERSION = YES;
				CLANG_WARN_INFINITE_RECURSION = YES;
				CLANG_WARN_INT_CONVERSION = YES;
				CLANG_WARN_NON_LITERAL_NULL_CONVERSION = YES;
				CLANG_WARN_OBJC_IMPLICIT_RETAIN_SELF = YES;
				CLANG_WARN_OBJC_LITERAL_CONVERSION = YES;
				CLANG_WARN_OBJC_ROOT_CLASS = YES_ERROR;
				CLANG_WARN_QUOTED_INCLUDE_IN_FRAMEWORK_HEADER = YES;
				CLANG_WARN_RANGE_LOOP_ANALYSIS = YES;
				CLANG_WARN_STRICT_PROTOTYPES = YES;
				CLANG_WARN_SUSPICIOUS_MOVE = YES;
				CLANG_WARN_UNGUARDED_AVAILABILITY = YES_AGGRESSIVE;
				CLANG_WARN_UNREACHABLE_CODE = YES;
				CLANG_WARN__DUPLICATE_METHOD_MATCH = YES;
				COPY_PHASE_STRIP = NO;
				DEAD_CODE_STRIPPING = YES;
				DEBUG_INFORMATION_FORMAT = dwarf;
				ENABLE_STRICT_OBJC_MSGSEND = YES;
				ENABLE_TESTABILITY = YES;
				ENABLE_USER_SCRIPT_SANDBOXING = YES;
				GCC_C_LANGUAGE_STANDARD = gnu11;
				GCC_DYNAMIC_NO_PIC = NO;
				GCC_NO_COMMON_BLOCKS = YES;
				GCC_OPTIMIZATION_LEVEL = 0;
				GCC_PREPROCESSOR_DEFINITIONS = (
					"DEBUG=1",
					"$(inherited)",
				);
				GCC_WARN_64_TO_32_BIT_CONVERSION = YES;
				GCC_WARN_ABOUT_RETURN_TYPE = YES_ERROR;
				GCC_WARN_UNDECLARED_SELECTOR = YES;
				GCC_WARN_UNINITIALIZED_AUTOS = YES_AGGRESSIVE;
				GCC_WARN_UNUSED_FUNCTION = YES;
				GCC_WARN_UNUSED_VARIABLE = YES;
				MTL_ENABLE_DEBUG_INFO = INCLUDE_SOURCE;
				MTL_FAST_MATH = YES;
				ONLY_ACTIVE_ARCH = YES;
				OTHER_SWIFT_FLAGS = "-Xfrontend -enable-actor-data-race-checks";
				SWIFT_ACTIVE_COMPILATION_CONDITIONS = DEBUG;
				SWIFT_OPTIMIZATION_LEVEL = "-Onone";
			};
			name = Debug;
		};
		50F973B729D61E4700C4E5D6 /* Release */ = {
			isa = XCBuildConfiguration;
			buildSettings = {
				ALWAYS_SEARCH_USER_PATHS = NO;
				ASSETCATALOG_COMPILER_GENERATE_SWIFT_ASSET_SYMBOL_EXTENSIONS = YES;
				CLANG_ANALYZER_NONNULL = YES;
				CLANG_ANALYZER_NUMBER_OBJECT_CONVERSION = YES_AGGRESSIVE;
				CLANG_CXX_LANGUAGE_STANDARD = "gnu++20";
				CLANG_ENABLE_MODULES = YES;
				CLANG_ENABLE_OBJC_ARC = YES;
				CLANG_ENABLE_OBJC_WEAK = YES;
				CLANG_WARN_BLOCK_CAPTURE_AUTORELEASING = YES;
				CLANG_WARN_BOOL_CONVERSION = YES;
				CLANG_WARN_COMMA = YES;
				CLANG_WARN_CONSTANT_CONVERSION = YES;
				CLANG_WARN_DEPRECATED_OBJC_IMPLEMENTATIONS = YES;
				CLANG_WARN_DIRECT_OBJC_ISA_USAGE = YES_ERROR;
				CLANG_WARN_DOCUMENTATION_COMMENTS = YES;
				CLANG_WARN_EMPTY_BODY = YES;
				CLANG_WARN_ENUM_CONVERSION = YES;
				CLANG_WARN_INFINITE_RECURSION = YES;
				CLANG_WARN_INT_CONVERSION = YES;
				CLANG_WARN_NON_LITERAL_NULL_CONVERSION = YES;
				CLANG_WARN_OBJC_IMPLICIT_RETAIN_SELF = YES;
				CLANG_WARN_OBJC_LITERAL_CONVERSION = YES;
				CLANG_WARN_OBJC_ROOT_CLASS = YES_ERROR;
				CLANG_WARN_QUOTED_INCLUDE_IN_FRAMEWORK_HEADER = YES;
				CLANG_WARN_RANGE_LOOP_ANALYSIS = YES;
				CLANG_WARN_STRICT_PROTOTYPES = YES;
				CLANG_WARN_SUSPICIOUS_MOVE = YES;
				CLANG_WARN_UNGUARDED_AVAILABILITY = YES_AGGRESSIVE;
				CLANG_WARN_UNREACHABLE_CODE = YES;
				CLANG_WARN__DUPLICATE_METHOD_MATCH = YES;
				COPY_PHASE_STRIP = NO;
				DEAD_CODE_STRIPPING = YES;
				DEBUG_INFORMATION_FORMAT = "dwarf-with-dsym";
				ENABLE_NS_ASSERTIONS = NO;
				ENABLE_STRICT_OBJC_MSGSEND = YES;
				ENABLE_USER_SCRIPT_SANDBOXING = YES;
				GCC_C_LANGUAGE_STANDARD = gnu11;
				GCC_NO_COMMON_BLOCKS = YES;
				GCC_WARN_64_TO_32_BIT_CONVERSION = YES;
				GCC_WARN_ABOUT_RETURN_TYPE = YES_ERROR;
				GCC_WARN_UNDECLARED_SELECTOR = YES;
				GCC_WARN_UNINITIALIZED_AUTOS = YES_AGGRESSIVE;
				GCC_WARN_UNUSED_FUNCTION = YES;
				GCC_WARN_UNUSED_VARIABLE = YES;
				MTL_ENABLE_DEBUG_INFO = NO;
				MTL_FAST_MATH = YES;
				OTHER_SWIFT_FLAGS = "-Xfrontend -enable-actor-data-race-checks";
				SWIFT_COMPILATION_MODE = wholemodule;
				SWIFT_OPTIMIZATION_LEVEL = "-O";
			};
			name = Release;
		};
		50F973B929D61E4700C4E5D6 /* Debug */ = {
			isa = XCBuildConfiguration;
			buildSettings = {
				ASSETCATALOG_COMPILER_APPICON_NAME = AppIcon;
				ASSETCATALOG_COMPILER_GLOBAL_ACCENT_COLOR_NAME = AccentColor;
				CODE_SIGN_ENTITLEMENTS = iLepra/iLepra.entitlements;
				CODE_SIGN_STYLE = Automatic;
				CURRENT_PROJECT_VERSION = 1;
				DEAD_CODE_STRIPPING = YES;
				DEVELOPMENT_ASSET_PATHS = "\"iLepra/Preview Content\"";
				ENABLE_PREVIEWS = YES;
				GENERATE_INFOPLIST_FILE = YES;
				"INFOPLIST_KEY_UIApplicationSceneManifest_Generation[sdk=iphoneos*]" = YES;
				"INFOPLIST_KEY_UIApplicationSceneManifest_Generation[sdk=iphonesimulator*]" = YES;
				"INFOPLIST_KEY_UIApplicationSupportsIndirectInputEvents[sdk=iphoneos*]" = YES;
				"INFOPLIST_KEY_UIApplicationSupportsIndirectInputEvents[sdk=iphonesimulator*]" = YES;
				"INFOPLIST_KEY_UILaunchScreen_Generation[sdk=iphoneos*]" = YES;
				"INFOPLIST_KEY_UILaunchScreen_Generation[sdk=iphonesimulator*]" = YES;
				"INFOPLIST_KEY_UIStatusBarStyle[sdk=iphoneos*]" = UIStatusBarStyleDefault;
				"INFOPLIST_KEY_UIStatusBarStyle[sdk=iphonesimulator*]" = UIStatusBarStyleDefault;
				INFOPLIST_KEY_UISupportedInterfaceOrientations_iPad = "UIInterfaceOrientationPortrait UIInterfaceOrientationPortraitUpsideDown UIInterfaceOrientationLandscapeLeft UIInterfaceOrientationLandscapeRight";
				INFOPLIST_KEY_UISupportedInterfaceOrientations_iPhone = "UIInterfaceOrientationPortrait UIInterfaceOrientationLandscapeLeft UIInterfaceOrientationLandscapeRight";
				IPHONEOS_DEPLOYMENT_TARGET = 16.4;
				LD_RUNPATH_SEARCH_PATHS = "@executable_path/Frameworks";
				"LD_RUNPATH_SEARCH_PATHS[sdk=macosx*]" = "@executable_path/../Frameworks";
				MACOSX_DEPLOYMENT_TARGET = 13.3;
				MARKETING_VERSION = 1.0;
				PRODUCT_BUNDLE_IDENTIFIER = org.mvp.iLepra;
				PRODUCT_NAME = "$(TARGET_NAME)";
				SDKROOT = auto;
				SUPPORTED_PLATFORMS = "iphoneos iphonesimulator macosx";
				SWIFT_EMIT_LOC_STRINGS = YES;
				SWIFT_VERSION = 5.0;
				TARGETED_DEVICE_FAMILY = "1,2";
			};
			name = Debug;
		};
		50F973BA29D61E4700C4E5D6 /* Release */ = {
			isa = XCBuildConfiguration;
			buildSettings = {
				ASSETCATALOG_COMPILER_APPICON_NAME = AppIcon;
				ASSETCATALOG_COMPILER_GLOBAL_ACCENT_COLOR_NAME = AccentColor;
				CODE_SIGN_ENTITLEMENTS = iLepra/iLepra.entitlements;
				CODE_SIGN_STYLE = Automatic;
				CURRENT_PROJECT_VERSION = 1;
				DEAD_CODE_STRIPPING = YES;
				DEVELOPMENT_ASSET_PATHS = "\"iLepra/Preview Content\"";
				ENABLE_PREVIEWS = YES;
				GENERATE_INFOPLIST_FILE = YES;
				"INFOPLIST_KEY_UIApplicationSceneManifest_Generation[sdk=iphoneos*]" = YES;
				"INFOPLIST_KEY_UIApplicationSceneManifest_Generation[sdk=iphonesimulator*]" = YES;
				"INFOPLIST_KEY_UIApplicationSupportsIndirectInputEvents[sdk=iphoneos*]" = YES;
				"INFOPLIST_KEY_UIApplicationSupportsIndirectInputEvents[sdk=iphonesimulator*]" = YES;
				"INFOPLIST_KEY_UILaunchScreen_Generation[sdk=iphoneos*]" = YES;
				"INFOPLIST_KEY_UILaunchScreen_Generation[sdk=iphonesimulator*]" = YES;
				"INFOPLIST_KEY_UIStatusBarStyle[sdk=iphoneos*]" = UIStatusBarStyleDefault;
				"INFOPLIST_KEY_UIStatusBarStyle[sdk=iphonesimulator*]" = UIStatusBarStyleDefault;
				INFOPLIST_KEY_UISupportedInterfaceOrientations_iPad = "UIInterfaceOrientationPortrait UIInterfaceOrientationPortraitUpsideDown UIInterfaceOrientationLandscapeLeft UIInterfaceOrientationLandscapeRight";
				INFOPLIST_KEY_UISupportedInterfaceOrientations_iPhone = "UIInterfaceOrientationPortrait UIInterfaceOrientationLandscapeLeft UIInterfaceOrientationLandscapeRight";
				IPHONEOS_DEPLOYMENT_TARGET = 16.4;
				LD_RUNPATH_SEARCH_PATHS = "@executable_path/Frameworks";
				"LD_RUNPATH_SEARCH_PATHS[sdk=macosx*]" = "@executable_path/../Frameworks";
				MACOSX_DEPLOYMENT_TARGET = 13.3;
				MARKETING_VERSION = 1.0;
				PRODUCT_BUNDLE_IDENTIFIER = org.mvp.iLepra;
				PRODUCT_NAME = "$(TARGET_NAME)";
				SDKROOT = auto;
				SUPPORTED_PLATFORMS = "iphoneos iphonesimulator macosx";
				SWIFT_EMIT_LOC_STRINGS = YES;
				SWIFT_VERSION = 5.0;
				TARGETED_DEVICE_FAMILY = "1,2";
			};
			name = Release;
		};
/* End XCBuildConfiguration section */

/* Begin XCConfigurationList section */
		50F973A429D61E4500C4E5D6 /* Build configuration list for PBXProject "iLepra" */ = {
			isa = XCConfigurationList;
			buildConfigurations = (
				50F973B629D61E4700C4E5D6 /* Debug */,
				50F973B729D61E4700C4E5D6 /* Release */,
			);
			defaultConfigurationIsVisible = 0;
			defaultConfigurationName = Release;
		};
		50F973B829D61E4700C4E5D6 /* Build configuration list for PBXNativeTarget "iLepra" */ = {
			isa = XCConfigurationList;
			buildConfigurations = (
				50F973B929D61E4700C4E5D6 /* Debug */,
				50F973BA29D61E4700C4E5D6 /* Release */,
			);
			defaultConfigurationIsVisible = 0;
			defaultConfigurationName = Release;
		};
/* End XCConfigurationList section */

/* Begin XCRemoteSwiftPackageReference section */
		50022C1E29D8BAEF0056DCEE /* XCRemoteSwiftPackageReference "SwiftSoup" */ = {
			isa = XCRemoteSwiftPackageReference;
			repositoryURL = "https://github.com/scinfu/SwiftSoup.git";
			requirement = {
				kind = upToNextMajorVersion;
				minimumVersion = 2.0.0;
			};
		};
		50022C2F29D970800056DCEE /* XCRemoteSwiftPackageReference "SDWebImageSwiftUI" */ = {
			isa = XCRemoteSwiftPackageReference;
			repositoryURL = "https://github.com/SDWebImage/SDWebImageSwiftUI.git";
			requirement = {
				kind = upToNextMajorVersion;
				minimumVersion = 2.0.0;
			};
		};
		501E772A29F3DF5800786232 /* XCRemoteSwiftPackageReference "swift-algorithms" */ = {
			isa = XCRemoteSwiftPackageReference;
			repositoryURL = "https://github.com/apple/swift-algorithms.git";
			requirement = {
				kind = upToNextMajorVersion;
				minimumVersion = 1.0.0;
			};
		};
		509F277629DA289900CBFFB1 /* XCRemoteSwiftPackageReference "SwiftLint" */ = {
			isa = XCRemoteSwiftPackageReference;
			repositoryURL = "https://github.com/realm/SwiftLint";
			requirement = {
				kind = upToNextMajorVersion;
				minimumVersion = 0.51.0;
			};
		};
		50F973BB29D61FBD00C4E5D6 /* XCRemoteSwiftPackageReference "Alamofire" */ = {
			isa = XCRemoteSwiftPackageReference;
			repositoryURL = "https://github.com/Alamofire/Alamofire.git";
			requirement = {
				kind = upToNextMajorVersion;
				minimumVersion = 5.0.0;
			};
		};
/* End XCRemoteSwiftPackageReference section */

/* Begin XCSwiftPackageProductDependency section */
		50022C1F29D8BAEF0056DCEE /* SwiftSoup */ = {
			isa = XCSwiftPackageProductDependency;
			package = 50022C1E29D8BAEF0056DCEE /* XCRemoteSwiftPackageReference "SwiftSoup" */;
			productName = SwiftSoup;
		};
		50022C3029D970810056DCEE /* SDWebImageSwiftUI */ = {
			isa = XCSwiftPackageProductDependency;
			package = 50022C2F29D970800056DCEE /* XCRemoteSwiftPackageReference "SDWebImageSwiftUI" */;
			productName = SDWebImageSwiftUI;
		};
		501E772B29F3DF5800786232 /* Algorithms */ = {
			isa = XCSwiftPackageProductDependency;
			package = 501E772A29F3DF5800786232 /* XCRemoteSwiftPackageReference "swift-algorithms" */;
			productName = Algorithms;
		};
		509F277729DA28A500CBFFB1 /* SwiftLintPlugin */ = {
			isa = XCSwiftPackageProductDependency;
			package = 509F277629DA289900CBFFB1 /* XCRemoteSwiftPackageReference "SwiftLint" */;
			productName = "plugin:SwiftLintPlugin";
		};
		50F973BC29D61FBD00C4E5D6 /* Alamofire */ = {
			isa = XCSwiftPackageProductDependency;
			package = 50F973BB29D61FBD00C4E5D6 /* XCRemoteSwiftPackageReference "Alamofire" */;
			productName = Alamofire;
		};
/* End XCSwiftPackageProductDependency section */
	};
	rootObject = 50F973A129D61E4500C4E5D6 /* Project object */;
}
